// !$*UTF8*$!
{
	archiveVersion = 1;
	classes = {
	};
	objectVersion = 50;
	objects = {

/* Begin PBXBuildFile section */
		4A87E51226F2E7A50028F142 /* Helper.swift in Sources */ = {isa = PBXBuildFile; fileRef = 4A87E51126F2E7A50028F142 /* Helper.swift */; };
		4A87E51426F2EC7B0028F142 /* Strategy2.swift in Sources */ = {isa = PBXBuildFile; fileRef = 4A87E51326F2EC7B0028F142 /* Strategy2.swift */; };
		4A87E51726F2F6D30028F142 /* StrategyProtocol.swift in Sources */ = {isa = PBXBuildFile; fileRef = 4A87E51626F2F6D30028F142 /* StrategyProtocol.swift */; };
		4A87E51926F2F7150028F142 /* StrategyConcreteA.swift in Sources */ = {isa = PBXBuildFile; fileRef = 4A87E51826F2F7150028F142 /* StrategyConcreteA.swift */; };
		4A87E51B26F2F74A0028F142 /* StrategyConcreteB.swift in Sources */ = {isa = PBXBuildFile; fileRef = 4A87E51A26F2F74A0028F142 /* StrategyConcreteB.swift */; };
		4A87E51D26F2F7930028F142 /* Context.swift in Sources */ = {isa = PBXBuildFile; fileRef = 4A87E51C26F2F7930028F142 /* Context.swift */; };
		4A87E51F26F2F8470028F142 /* Strategy1.swift in Sources */ = {isa = PBXBuildFile; fileRef = 4A87E51E26F2F8470028F142 /* Strategy1.swift */; };
		4A87E52226F301C90028F142 /* AttackStrategy.swift in Sources */ = {isa = PBXBuildFile; fileRef = 4A87E52126F301C90028F142 /* AttackStrategy.swift */; };
		4A87E52426F301F10028F142 /* StrengthAttack.swift in Sources */ = {isa = PBXBuildFile; fileRef = 4A87E52326F301F10028F142 /* StrengthAttack.swift */; };
		4A87E52626F3022D0028F142 /* MagicAttack.swift in Sources */ = {isa = PBXBuildFile; fileRef = 4A87E52526F3022D0028F142 /* MagicAttack.swift */; };
		4A87E52826F3026A0028F142 /* Player.swift in Sources */ = {isa = PBXBuildFile; fileRef = 4A87E52726F3026A0028F142 /* Player.swift */; };
		4A87E52A26F303030028F142 /* Strategy3.swift in Sources */ = {isa = PBXBuildFile; fileRef = 4A87E52926F303030028F142 /* Strategy3.swift */; };
		4AD17DDD26EAFA18007EB6BD /* main.swift in Sources */ = {isa = PBXBuildFile; fileRef = 4AD17DDC26EAFA18007EB6BD /* main.swift */; };
		4AD17DE526EAFB4E007EB6BD /* Student.swift in Sources */ = {isa = PBXBuildFile; fileRef = 4AD17DE426EAFB4E007EB6BD /* Student.swift */; };
		4AD17DE726EAFB7B007EB6BD /* Storage.swift in Sources */ = {isa = PBXBuildFile; fileRef = 4AD17DE626EAFB7B007EB6BD /* Storage.swift */; };
		4AD17DE926EAFBBE007EB6BD /* FileStorage.swift in Sources */ = {isa = PBXBuildFile; fileRef = 4AD17DE826EAFBBE007EB6BD /* FileStorage.swift */; };
		4AD17DEB26EAFD9B007EB6BD /* DatabaseStorage.swift in Sources */ = {isa = PBXBuildFile; fileRef = 4AD17DEA26EAFD9B007EB6BD /* DatabaseStorage.swift */; };
		4AD17DED26EAFDED007EB6BD /* CloudStorage.swift in Sources */ = {isa = PBXBuildFile; fileRef = 4AD17DEC26EAFDED007EB6BD /* CloudStorage.swift */; };
/* End PBXBuildFile section */

/* Begin PBXCopyFilesBuildPhase section */
		4AD17DD726EAFA18007EB6BD /* CopyFiles */ = {
			isa = PBXCopyFilesBuildPhase;
			buildActionMask = 2147483647;
			dstPath = /usr/share/man/man1/;
			dstSubfolderSpec = 0;
			files = (
			);
			runOnlyForDeploymentPostprocessing = 1;
		};
/* End PBXCopyFilesBuildPhase section */

/* Begin PBXFileReference section */
		4A87E51126F2E7A50028F142 /* Helper.swift */ = {isa = PBXFileReference; lastKnownFileType = sourcecode.swift; path = Helper.swift; sourceTree = "<group>"; };
		4A87E51326F2EC7B0028F142 /* Strategy2.swift */ = {isa = PBXFileReference; lastKnownFileType = sourcecode.swift; path = Strategy2.swift; sourceTree = "<group>"; };
		4A87E51626F2F6D30028F142 /* StrategyProtocol.swift */ = {isa = PBXFileReference; lastKnownFileType = sourcecode.swift; path = StrategyProtocol.swift; sourceTree = "<group>"; };
		4A87E51826F2F7150028F142 /* StrategyConcreteA.swift */ = {isa = PBXFileReference; lastKnownFileType = sourcecode.swift; path = StrategyConcreteA.swift; sourceTree = "<group>"; };
		4A87E51A26F2F74A0028F142 /* StrategyConcreteB.swift */ = {isa = PBXFileReference; lastKnownFileType = sourcecode.swift; path = StrategyConcreteB.swift; sourceTree = "<group>"; };
		4A87E51C26F2F7930028F142 /* Context.swift */ = {isa = PBXFileReference; lastKnownFileType = sourcecode.swift; path = Context.swift; sourceTree = "<group>"; };
		4A87E51E26F2F8470028F142 /* Strategy1.swift */ = {isa = PBXFileReference; lastKnownFileType = sourcecode.swift; path = Strategy1.swift; sourceTree = "<group>"; };
		4A87E52126F301C90028F142 /* AttackStrategy.swift */ = {isa = PBXFileReference; lastKnownFileType = sourcecode.swift; path = AttackStrategy.swift; sourceTree = "<group>"; };
		4A87E52326F301F10028F142 /* StrengthAttack.swift */ = {isa = PBXFileReference; lastKnownFileType = sourcecode.swift; path = StrengthAttack.swift; sourceTree = "<group>"; };
		4A87E52526F3022D0028F142 /* MagicAttack.swift */ = {isa = PBXFileReference; lastKnownFileType = sourcecode.swift; path = MagicAttack.swift; sourceTree = "<group>"; };
		4A87E52726F3026A0028F142 /* Player.swift */ = {isa = PBXFileReference; lastKnownFileType = sourcecode.swift; path = Player.swift; sourceTree = "<group>"; };
		4A87E52926F303030028F142 /* Strategy3.swift */ = {isa = PBXFileReference; lastKnownFileType = sourcecode.swift; path = Strategy3.swift; sourceTree = "<group>"; };
		4AD17DD926EAFA18007EB6BD /* Design Patterns */ = {isa = PBXFileReference; explicitFileType = "compiled.mach-o.executable"; includeInIndex = 0; path = "Design Patterns"; sourceTree = BUILT_PRODUCTS_DIR; };
		4AD17DDC26EAFA18007EB6BD /* main.swift */ = {isa = PBXFileReference; lastKnownFileType = sourcecode.swift; path = main.swift; sourceTree = "<group>"; };
		4AD17DE426EAFB4E007EB6BD /* Student.swift */ = {isa = PBXFileReference; lastKnownFileType = sourcecode.swift; path = Student.swift; sourceTree = "<group>"; };
		4AD17DE626EAFB7B007EB6BD /* Storage.swift */ = {isa = PBXFileReference; lastKnownFileType = sourcecode.swift; path = Storage.swift; sourceTree = "<group>"; };
		4AD17DE826EAFBBE007EB6BD /* FileStorage.swift */ = {isa = PBXFileReference; lastKnownFileType = sourcecode.swift; path = FileStorage.swift; sourceTree = "<group>"; };
		4AD17DEA26EAFD9B007EB6BD /* DatabaseStorage.swift */ = {isa = PBXFileReference; lastKnownFileType = sourcecode.swift; path = DatabaseStorage.swift; sourceTree = "<group>"; };
		4AD17DEC26EAFDED007EB6BD /* CloudStorage.swift */ = {isa = PBXFileReference; lastKnownFileType = sourcecode.swift; path = CloudStorage.swift; sourceTree = "<group>"; };
/* End PBXFileReference section */

/* Begin PBXFrameworksBuildPhase section */
		4AD17DD626EAFA18007EB6BD /* Frameworks */ = {
			isa = PBXFrameworksBuildPhase;
			buildActionMask = 2147483647;
			files = (
			);
			runOnlyForDeploymentPostprocessing = 0;
		};
/* End PBXFrameworksBuildPhase section */

/* Begin PBXGroup section */
		4A87E51526F2F1760028F142 /* Strategy Pattern 1 */ = {
			isa = PBXGroup;
			children = (
				4A87E51626F2F6D30028F142 /* StrategyProtocol.swift */,
				4A87E51826F2F7150028F142 /* StrategyConcreteA.swift */,
				4A87E51A26F2F74A0028F142 /* StrategyConcreteB.swift */,
				4A87E51C26F2F7930028F142 /* Context.swift */,
				4A87E51E26F2F8470028F142 /* Strategy1.swift */,
			);
			path = "Strategy Pattern 1";
			sourceTree = "<group>";
		};
		4A87E52026F301AE0028F142 /* Strategy Pattern 3 */ = {
			isa = PBXGroup;
			children = (
				4A87E52126F301C90028F142 /* AttackStrategy.swift */,
				4A87E52326F301F10028F142 /* StrengthAttack.swift */,
				4A87E52526F3022D0028F142 /* MagicAttack.swift */,
				4A87E52726F3026A0028F142 /* Player.swift */,
				4A87E52926F303030028F142 /* Strategy3.swift */,
			);
			path = "Strategy Pattern 3";
			sourceTree = "<group>";
		};
		4AD17DD026EAFA18007EB6BD = {
			isa = PBXGroup;
			children = (
				4AD17DDB26EAFA18007EB6BD /* Design Patterns */,
				4AD17DDA26EAFA18007EB6BD /* Products */,
			);
			sourceTree = "<group>";
		};
		4AD17DDA26EAFA18007EB6BD /* Products */ = {
			isa = PBXGroup;
			children = (
				4AD17DD926EAFA18007EB6BD /* Design Patterns */,
			);
			name = Products;
			sourceTree = "<group>";
		};
		4AD17DDB26EAFA18007EB6BD /* Design Patterns */ = {
			isa = PBXGroup;
			children = (
				4A87E51526F2F1760028F142 /* Strategy Pattern 1 */,
				4AD17DE326EAFA25007EB6BD /* Strategy Pattern 2 */,
				4A87E52026F301AE0028F142 /* Strategy Pattern 3 */,
				4A87E51126F2E7A50028F142 /* Helper.swift */,
				4AD17DDC26EAFA18007EB6BD /* main.swift */,
			);
			path = "Design Patterns";
			sourceTree = "<group>";
		};
		4AD17DE326EAFA25007EB6BD /* Strategy Pattern 2 */ = {
			isa = PBXGroup;
			children = (
				4AD17DE626EAFB7B007EB6BD /* Storage.swift */,
				4AD17DE826EAFBBE007EB6BD /* FileStorage.swift */,
				4AD17DEA26EAFD9B007EB6BD /* DatabaseStorage.swift */,
				4AD17DEC26EAFDED007EB6BD /* CloudStorage.swift */,
				4AD17DE426EAFB4E007EB6BD /* Student.swift */,
				4A87E51326F2EC7B0028F142 /* Strategy2.swift */,
			);
			path = "Strategy Pattern 2";
			sourceTree = "<group>";
		};
/* End PBXGroup section */

/* Begin PBXNativeTarget section */
		4AD17DD826EAFA18007EB6BD /* Design Patterns */ = {
			isa = PBXNativeTarget;
			buildConfigurationList = 4AD17DE026EAFA18007EB6BD /* Build configuration list for PBXNativeTarget "Design Patterns" */;
			buildPhases = (
				4AD17DD526EAFA18007EB6BD /* Sources */,
				4AD17DD626EAFA18007EB6BD /* Frameworks */,
				4AD17DD726EAFA18007EB6BD /* CopyFiles */,
			);
			buildRules = (
			);
			dependencies = (
			);
			name = "Design Patterns";
			productName = "Design Patterns";
			productReference = 4AD17DD926EAFA18007EB6BD /* Design Patterns */;
			productType = "com.apple.product-type.tool";
		};
/* End PBXNativeTarget section */

/* Begin PBXProject section */
		4AD17DD126EAFA18007EB6BD /* Project object */ = {
			isa = PBXProject;
			attributes = {
				LastSwiftUpdateCheck = 1250;
				LastUpgradeCheck = 1250;
				TargetAttributes = {
					4AD17DD826EAFA18007EB6BD = {
						CreatedOnToolsVersion = 12.5.1;
					};
				};
			};
			buildConfigurationList = 4AD17DD426EAFA18007EB6BD /* Build configuration list for PBXProject "Design Patterns" */;
			compatibilityVersion = "Xcode 9.3";
			developmentRegion = en;
			hasScannedForEncodings = 0;
			knownRegions = (
				en,
				Base,
			);
			mainGroup = 4AD17DD026EAFA18007EB6BD;
			productRefGroup = 4AD17DDA26EAFA18007EB6BD /* Products */;
			projectDirPath = "";
			projectRoot = "";
			targets = (
				4AD17DD826EAFA18007EB6BD /* Design Patterns */,
			);
		};
/* End PBXProject section */

/* Begin PBXSourcesBuildPhase section */
		4AD17DD526EAFA18007EB6BD /* Sources */ = {
			isa = PBXSourcesBuildPhase;
			buildActionMask = 2147483647;
			files = (
				4A87E52226F301C90028F142 /* AttackStrategy.swift in Sources */,
				4AD17DDD26EAFA18007EB6BD /* main.swift in Sources */,
				4A87E51226F2E7A50028F142 /* Helper.swift in Sources */,
				4A87E51426F2EC7B0028F142 /* Strategy2.swift in Sources */,
				4A87E51926F2F7150028F142 /* StrategyConcreteA.swift in Sources */,
				4A87E52626F3022D0028F142 /* MagicAttack.swift in Sources */,
				4A87E51F26F2F8470028F142 /* Strategy1.swift in Sources */,
				4AD17DE926EAFBBE007EB6BD /* FileStorage.swift in Sources */,
				4A87E52A26F303030028F142 /* Strategy3.swift in Sources */,
				4A87E52426F301F10028F142 /* StrengthAttack.swift in Sources */,
				4AD17DE526EAFB4E007EB6BD /* Student.swift in Sources */,
				4A87E51726F2F6D30028F142 /* StrategyProtocol.swift in Sources */,
				4AD17DED26EAFDED007EB6BD /* CloudStorage.swift in Sources */,
				4AD17DE726EAFB7B007EB6BD /* Storage.swift in Sources */,
				4A87E51D26F2F7930028F142 /* Context.swift in Sources */,
				4A87E51B26F2F74A0028F142 /* StrategyConcreteB.swift in Sources */,
				4A87E52826F3026A0028F142 /* Player.swift in Sources */,
				4AD17DEB26EAFD9B007EB6BD /* DatabaseStorage.swift in Sources */,
			);
			runOnlyForDeploymentPostprocessing = 0;
		};
/* End PBXSourcesBuildPhase section */

/* Begin XCBuildConfiguration section */
		4AD17DDE26EAFA18007EB6BD /* Debug */ = {
			isa = XCBuildConfiguration;
			buildSettings = {
				ALWAYS_SEARCH_USER_PATHS = NO;
				CLANG_ANALYZER_NONNULL = YES;
				CLANG_ANALYZER_NUMBER_OBJECT_CONVERSION = YES_AGGRESSIVE;
				CLANG_CXX_LANGUAGE_STANDARD = "gnu++14";
				CLANG_CXX_LIBRARY = "libc++";
				CLANG_ENABLE_MODULES = YES;
				CLANG_ENABLE_OBJC_ARC = YES;
				CLANG_ENABLE_OBJC_WEAK = YES;
				CLANG_WARN_BLOCK_CAPTURE_AUTORELEASING = YES;
				CLANG_WARN_BOOL_CONVERSION = YES;
				CLANG_WARN_COMMA = YES;
				CLANG_WARN_CONSTANT_CONVERSION = YES;
				CLANG_WARN_DEPRECATED_OBJC_IMPLEMENTATIONS = YES;
				CLANG_WARN_DIRECT_OBJC_ISA_USAGE = YES_ERROR;
				CLANG_WARN_DOCUMENTATION_COMMENTS = YES;
				CLANG_WARN_EMPTY_BODY = YES;
				CLANG_WARN_ENUM_CONVERSION = YES;
				CLANG_WARN_INFINITE_RECURSION = YES;
				CLANG_WARN_INT_CONVERSION = YES;
				CLANG_WARN_NON_LITERAL_NULL_CONVERSION = YES;
				CLANG_WARN_OBJC_IMPLICIT_RETAIN_SELF = YES;
				CLANG_WARN_OBJC_LITERAL_CONVERSION = YES;
				CLANG_WARN_OBJC_ROOT_CLASS = YES_ERROR;
				CLANG_WARN_QUOTED_INCLUDE_IN_FRAMEWORK_HEADER = YES;
				CLANG_WARN_RANGE_LOOP_ANALYSIS = YES;
				CLANG_WARN_STRICT_PROTOTYPES = YES;
				CLANG_WARN_SUSPICIOUS_MOVE = YES;
				CLANG_WARN_UNGUARDED_AVAILABILITY = YES_AGGRESSIVE;
				CLANG_WARN_UNREACHABLE_CODE = YES;
				CLANG_WARN__DUPLICATE_METHOD_MATCH = YES;
				COPY_PHASE_STRIP = NO;
				DEBUG_INFORMATION_FORMAT = dwarf;
				ENABLE_STRICT_OBJC_MSGSEND = YES;
				ENABLE_TESTABILITY = YES;
				GCC_C_LANGUAGE_STANDARD = gnu11;
				GCC_DYNAMIC_NO_PIC = NO;
				GCC_NO_COMMON_BLOCKS = YES;
				GCC_OPTIMIZATION_LEVEL = 0;
				GCC_PREPROCESSOR_DEFINITIONS = (
					"DEBUG=1",
					"$(inherited)",
				);
				GCC_WARN_64_TO_32_BIT_CONVERSION = YES;
				GCC_WARN_ABOUT_RETURN_TYPE = YES_ERROR;
				GCC_WARN_UNDECLARED_SELECTOR = YES;
				GCC_WARN_UNINITIALIZED_AUTOS = YES_AGGRESSIVE;
				GCC_WARN_UNUSED_FUNCTION = YES;
				GCC_WARN_UNUSED_VARIABLE = YES;
				MACOSX_DEPLOYMENT_TARGET = 11.3;
				MTL_ENABLE_DEBUG_INFO = INCLUDE_SOURCE;
				MTL_FAST_MATH = YES;
				ONLY_ACTIVE_ARCH = YES;
				SDKROOT = macosx;
				SWIFT_ACTIVE_COMPILATION_CONDITIONS = DEBUG;
				SWIFT_OPTIMIZATION_LEVEL = "-Onone";
			};
			name = Debug;
		};
		4AD17DDF26EAFA18007EB6BD /* Release */ = {
			isa = XCBuildConfiguration;
			buildSettings = {
				ALWAYS_SEARCH_USER_PATHS = NO;
				CLANG_ANALYZER_NONNULL = YES;
				CLANG_ANALYZER_NUMBER_OBJECT_CONVERSION = YES_AGGRESSIVE;
				CLANG_CXX_LANGUAGE_STANDARD = "gnu++14";
				CLANG_CXX_LIBRARY = "libc++";
				CLANG_ENABLE_MODULES = YES;
				CLANG_ENABLE_OBJC_ARC = YES;
				CLANG_ENABLE_OBJC_WEAK = YES;
				CLANG_WARN_BLOCK_CAPTURE_AUTORELEASING = YES;
				CLANG_WARN_BOOL_CONVERSION = YES;
				CLANG_WARN_COMMA = YES;
				CLANG_WARN_CONSTANT_CONVERSION = YES;
				CLANG_WARN_DEPRECATED_OBJC_IMPLEMENTATIONS = YES;
				CLANG_WARN_DIRECT_OBJC_ISA_USAGE = YES_ERROR;
				CLANG_WARN_DOCUMENTATION_COMMENTS = YES;
				CLANG_WARN_EMPTY_BODY = YES;
				CLANG_WARN_ENUM_CONVERSION = YES;
				CLANG_WARN_INFINITE_RECURSION = YES;
				CLANG_WARN_INT_CONVERSION = YES;
				CLANG_WARN_NON_LITERAL_NULL_CONVERSION = YES;
				CLANG_WARN_OBJC_IMPLICIT_RETAIN_SELF = YES;
				CLANG_WARN_OBJC_LITERAL_CONVERSION = YES;
				CLANG_WARN_OBJC_ROOT_CLASS = YES_ERROR;
				CLANG_WARN_QUOTED_INCLUDE_IN_FRAMEWORK_HEADER = YES;
				CLANG_WARN_RANGE_LOOP_ANALYSIS = YES;
				CLANG_WARN_STRICT_PROTOTYPES = YES;
				CLANG_WARN_SUSPICIOUS_MOVE = YES;
				CLANG_WARN_UNGUARDED_AVAILABILITY = YES_AGGRESSIVE;
				CLANG_WARN_UNREACHABLE_CODE = YES;
				CLANG_WARN__DUPLICATE_METHOD_MATCH = YES;
				COPY_PHASE_STRIP = NO;
				DEBUG_INFORMATION_FORMAT = "dwarf-with-dsym";
				ENABLE_NS_ASSERTIONS = NO;
				ENABLE_STRICT_OBJC_MSGSEND = YES;
				GCC_C_LANGUAGE_STANDARD = gnu11;
				GCC_NO_COMMON_BLOCKS = YES;
				GCC_WARN_64_TO_32_BIT_CONVERSION = YES;
				GCC_WARN_ABOUT_RETURN_TYPE = YES_ERROR;
				GCC_WARN_UNDECLARED_SELECTOR = YES;
				GCC_WARN_UNINITIALIZED_AUTOS = YES_AGGRESSIVE;
				GCC_WARN_UNUSED_FUNCTION = YES;
				GCC_WARN_UNUSED_VARIABLE = YES;
				MACOSX_DEPLOYMENT_TARGET = 11.3;
				MTL_ENABLE_DEBUG_INFO = NO;
				MTL_FAST_MATH = YES;
				SDKROOT = macosx;
				SWIFT_COMPILATION_MODE = wholemodule;
				SWIFT_OPTIMIZATION_LEVEL = "-O";
			};
			name = Release;
		};
		4AD17DE126EAFA18007EB6BD /* Debug */ = {
			isa = XCBuildConfiguration;
			buildSettings = {
				CODE_SIGN_STYLE = Automatic;
				DEVELOPMENT_TEAM = 5NULCBGY98;
				ENABLE_HARDENED_RUNTIME = YES;
				PRODUCT_NAME = "$(TARGET_NAME)";
				SWIFT_VERSION = 5.0;
			};
			name = Debug;
		};
		4AD17DE226EAFA18007EB6BD /* Release */ = {
			isa = XCBuildConfiguration;
			buildSettings = {
				CODE_SIGN_STYLE = Automatic;
				DEVELOPMENT_TEAM = 5NULCBGY98;
				ENABLE_HARDENED_RUNTIME = YES;
				PRODUCT_NAME = "$(TARGET_NAME)";
				SWIFT_VERSION = 5.0;
			};
			name = Release;
		};
/* End XCBuildConfiguration section */

/* Begin XCConfigurationList section */
		4AD17DD426EAFA18007EB6BD /* Build configuration list for PBXProject "Design Patterns" */ = {
			isa = XCConfigurationList;
			buildConfigurations = (
				4AD17DDE26EAFA18007EB6BD /* Debug */,
				4AD17DDF26EAFA18007EB6BD /* Release */,
			);
			defaultConfigurationIsVisible = 0;
			defaultConfigurationName = Release;
		};
		4AD17DE026EAFA18007EB6BD /* Build configuration list for PBXNativeTarget "Design Patterns" */ = {
			isa = XCConfigurationList;
			buildConfigurations = (
				4AD17DE126EAFA18007EB6BD /* Debug */,
				4AD17DE226EAFA18007EB6BD /* Release */,
			);
			defaultConfigurationIsVisible = 0;
			defaultConfigurationName = Release;
		};
/* End XCConfigurationList section */
	};
	rootObject = 4AD17DD126EAFA18007EB6BD /* Project object */;
}
